// !$*UTF8*$!
{
	archiveVersion = 1;
	classes = {
	};
	objectVersion = 46;
	objects = {

/* Begin PBXBuildFile section */
		B640C4A51C084B650042EFE6 /* main.m in Sources */ = {isa = PBXBuildFile; fileRef = B640C4A41C084B650042EFE6 /* main.m */; };
		B640C4A81C084B650042EFE6 /* MSAppDelegate.m in Sources */ = {isa = PBXBuildFile; fileRef = B640C4A71C084B650042EFE6 /* MSAppDelegate.m */; };
		B640C4AE1C084B650042EFE6 /* Main.storyboard in Resources */ = {isa = PBXBuildFile; fileRef = B640C4AC1C084B650042EFE6 /* Main.storyboard */; };
		B640C4B01C084B650042EFE6 /* Assets.xcassets in Resources */ = {isa = PBXBuildFile; fileRef = B640C4AF1C084B650042EFE6 /* Assets.xcassets */; };
		B640C4B31C084B650042EFE6 /* LaunchScreen.storyboard in Resources */ = {isa = PBXBuildFile; fileRef = B640C4B11C084B650042EFE6 /* LaunchScreen.storyboard */; };
		B640C4BE1C084B650042EFE6 /* MySearchTests.m in Sources */ = {isa = PBXBuildFile; fileRef = B640C4BD1C084B650042EFE6 /* MySearchTests.m */; };
		B640C4C91C084B650042EFE6 /* MySearchUITests.m in Sources */ = {isa = PBXBuildFile; fileRef = B640C4C81C084B650042EFE6 /* MySearchUITests.m */; };
		B640C4D91C084D540042EFE6 /* MSViewController.m in Sources */ = {isa = PBXBuildFile; fileRef = B640C4D81C084D540042EFE6 /* MSViewController.m */; };
		B640C4DE1C084DC60042EFE6 /* MSGithubNetworkManager.m in Sources */ = {isa = PBXBuildFile; fileRef = B640C4DD1C084DC60042EFE6 /* MSGithubNetworkManager.m */; };
		B640C4E11C084DD70042EFE6 /* MSiTunesNetworkManager.m in Sources */ = {isa = PBXBuildFile; fileRef = B640C4E01C084DD70042EFE6 /* MSiTunesNetworkManager.m */; };
		B640C4E61C085E460042EFE6 /* MSSerializationManager.m in Sources */ = {isa = PBXBuildFile; fileRef = B640C4E51C085E460042EFE6 /* MSSerializationManager.m */; };
		B640C4E91C085FB80042EFE6 /* MSGithubSearchResultContainer.m in Sources */ = {isa = PBXBuildFile; fileRef = B640C4E81C085FB80042EFE6 /* MSGithubSearchResultContainer.m */; };
		B640C4ED1C0864270042EFE6 /* NSArray+MSLinqExtension.m in Sources */ = {isa = PBXBuildFile; fileRef = B640C4EC1C0864270042EFE6 /* NSArray+MSLinqExtension.m */; };
		B640C4F01C087C1B0042EFE6 /* MSSerializationValueTransformer.m in Sources */ = {isa = PBXBuildFile; fileRef = B640C4EF1C087C1B0042EFE6 /* MSSerializationValueTransformer.m */; };
		B640C4F31C088D100042EFE6 /* MSGithubOwnerContainer.m in Sources */ = {isa = PBXBuildFile; fileRef = B640C4F21C088D100042EFE6 /* MSGithubOwnerContainer.m */; };
		B640C4F61C0891EC0042EFE6 /* MSSearchResultTableView.m in Sources */ = {isa = PBXBuildFile; fileRef = B640C4F51C0891EC0042EFE6 /* MSSearchResultTableView.m */; };
		B640C4FD1C08A65D0042EFE6 /* MSSearchResultTableViewCell.m in Sources */ = {isa = PBXBuildFile; fileRef = B640C4FC1C08A65D0042EFE6 /* MSSearchResultTableViewCell.m */; };
		B640C5011C08A93E0042EFE6 /* MSWebImageView.m in Sources */ = {isa = PBXBuildFile; fileRef = B640C5001C08A93E0042EFE6 /* MSWebImageView.m */; };
		B67A93BF1C0C4CA3007E4560 /* MSImageCacheManager.m in Sources */ = {isa = PBXBuildFile; fileRef = B67A93BE1C0C4CA3007E4560 /* MSImageCacheManager.m */; };
		B67A93C31C0C504C007E4560 /* _MSPromise.m in Sources */ = {isa = PBXBuildFile; fileRef = B67A93C21C0C504C007E4560 /* _MSPromise.m */; };
		B67A93C81C0C552E007E4560 /* MSPromiseTest.m in Sources */ = {isa = PBXBuildFile; fileRef = B67A93C71C0C552E007E4560 /* MSPromiseTest.m */; };
		B67A93CC1C0C79CB007E4560 /* _2MSPromise.m in Sources */ = {isa = PBXBuildFile; fileRef = B67A93CB1C0C79CB007E4560 /* _2MSPromise.m */; };
		B67A93CF1C0C9F58007E4560 /* MSPromise.m in Sources */ = {isa = PBXBuildFile; fileRef = B67A93CE1C0C9F58007E4560 /* MSPromise.m */; };
/* End PBXBuildFile section */

/* Begin PBXContainerItemProxy section */
		B640C4BA1C084B650042EFE6 /* PBXContainerItemProxy */ = {
			isa = PBXContainerItemProxy;
			containerPortal = B640C4981C084B650042EFE6 /* Project object */;
			proxyType = 1;
			remoteGlobalIDString = B640C49F1C084B650042EFE6;
			remoteInfo = MySearch;
		};
		B640C4C51C084B650042EFE6 /* PBXContainerItemProxy */ = {
			isa = PBXContainerItemProxy;
			containerPortal = B640C4981C084B650042EFE6 /* Project object */;
			proxyType = 1;
			remoteGlobalIDString = B640C49F1C084B650042EFE6;
			remoteInfo = MySearch;
		};
/* End PBXContainerItemProxy section */

/* Begin PBXFileReference section */
		B640C4A01C084B650042EFE6 /* MySearch.app */ = {isa = PBXFileReference; explicitFileType = wrapper.application; includeInIndex = 0; path = MySearch.app; sourceTree = BUILT_PRODUCTS_DIR; };
		B640C4A41C084B650042EFE6 /* main.m */ = {isa = PBXFileReference; lastKnownFileType = sourcecode.c.objc; path = main.m; sourceTree = "<group>"; };
		B640C4A61C084B650042EFE6 /* MSAppDelegate.h */ = {isa = PBXFileReference; lastKnownFileType = sourcecode.c.h; path = MSAppDelegate.h; sourceTree = "<group>"; };
		B640C4A71C084B650042EFE6 /* MSAppDelegate.m */ = {isa = PBXFileReference; lastKnownFileType = sourcecode.c.objc; path = MSAppDelegate.m; sourceTree = "<group>"; };
		B640C4AD1C084B650042EFE6 /* Base */ = {isa = PBXFileReference; lastKnownFileType = file.storyboard; name = Base; path = Base.lproj/Main.storyboard; sourceTree = "<group>"; };
		B640C4AF1C084B650042EFE6 /* Assets.xcassets */ = {isa = PBXFileReference; lastKnownFileType = folder.assetcatalog; path = Assets.xcassets; sourceTree = "<group>"; };
		B640C4B21C084B650042EFE6 /* Base */ = {isa = PBXFileReference; lastKnownFileType = file.storyboard; name = Base; path = Base.lproj/LaunchScreen.storyboard; sourceTree = "<group>"; };
		B640C4B41C084B650042EFE6 /* Info.plist */ = {isa = PBXFileReference; lastKnownFileType = text.plist.xml; path = Info.plist; sourceTree = "<group>"; };
		B640C4B91C084B650042EFE6 /* MySearchTests.xctest */ = {isa = PBXFileReference; explicitFileType = wrapper.cfbundle; includeInIndex = 0; path = MySearchTests.xctest; sourceTree = BUILT_PRODUCTS_DIR; };
		B640C4BD1C084B650042EFE6 /* MySearchTests.m */ = {isa = PBXFileReference; lastKnownFileType = sourcecode.c.objc; path = MySearchTests.m; sourceTree = "<group>"; };
		B640C4BF1C084B650042EFE6 /* Info.plist */ = {isa = PBXFileReference; lastKnownFileType = text.plist.xml; path = Info.plist; sourceTree = "<group>"; };
		B640C4C41C084B650042EFE6 /* MySearchUITests.xctest */ = {isa = PBXFileReference; explicitFileType = wrapper.cfbundle; includeInIndex = 0; path = MySearchUITests.xctest; sourceTree = BUILT_PRODUCTS_DIR; };
		B640C4C81C084B650042EFE6 /* MySearchUITests.m */ = {isa = PBXFileReference; lastKnownFileType = sourcecode.c.objc; path = MySearchUITests.m; sourceTree = "<group>"; };
		B640C4CA1C084B650042EFE6 /* Info.plist */ = {isa = PBXFileReference; lastKnownFileType = text.plist.xml; path = Info.plist; sourceTree = "<group>"; };
		B640C4D71C084D540042EFE6 /* MSViewController.h */ = {isa = PBXFileReference; fileEncoding = 4; lastKnownFileType = sourcecode.c.h; path = MSViewController.h; sourceTree = "<group>"; };
		B640C4D81C084D540042EFE6 /* MSViewController.m */ = {isa = PBXFileReference; fileEncoding = 4; lastKnownFileType = sourcecode.c.objc; path = MSViewController.m; sourceTree = "<group>"; };
		B640C4DC1C084DC60042EFE6 /* MSGithubNetworkManager.h */ = {isa = PBXFileReference; fileEncoding = 4; lastKnownFileType = sourcecode.c.h; path = MSGithubNetworkManager.h; sourceTree = "<group>"; };
		B640C4DD1C084DC60042EFE6 /* MSGithubNetworkManager.m */ = {isa = PBXFileReference; fileEncoding = 4; lastKnownFileType = sourcecode.c.objc; path = MSGithubNetworkManager.m; sourceTree = "<group>"; };
		B640C4DF1C084DD70042EFE6 /* MSiTunesNetworkManager.h */ = {isa = PBXFileReference; fileEncoding = 4; lastKnownFileType = sourcecode.c.h; path = MSiTunesNetworkManager.h; sourceTree = "<group>"; };
		B640C4E01C084DD70042EFE6 /* MSiTunesNetworkManager.m */ = {isa = PBXFileReference; fileEncoding = 4; lastKnownFileType = sourcecode.c.objc; path = MSiTunesNetworkManager.m; sourceTree = "<group>"; };
		B640C4E21C084DED0042EFE6 /* MSNetworkManagerProtocol.h */ = {isa = PBXFileReference; fileEncoding = 4; lastKnownFileType = sourcecode.c.h; path = MSNetworkManagerProtocol.h; sourceTree = "<group>"; };
		B640C4E41C085E460042EFE6 /* MSSerializationManager.h */ = {isa = PBXFileReference; fileEncoding = 4; lastKnownFileType = sourcecode.c.h; path = MSSerializationManager.h; sourceTree = "<group>"; };
		B640C4E51C085E460042EFE6 /* MSSerializationManager.m */ = {isa = PBXFileReference; fileEncoding = 4; lastKnownFileType = sourcecode.c.objc; path = MSSerializationManager.m; sourceTree = "<group>"; };
		B640C4E71C085FB80042EFE6 /* MSGithubSearchResultContainer.h */ = {isa = PBXFileReference; fileEncoding = 4; lastKnownFileType = sourcecode.c.h; path = MSGithubSearchResultContainer.h; sourceTree = "<group>"; };
		B640C4E81C085FB80042EFE6 /* MSGithubSearchResultContainer.m */ = {isa = PBXFileReference; fileEncoding = 4; lastKnownFileType = sourcecode.c.objc; path = MSGithubSearchResultContainer.m; sourceTree = "<group>"; };
		B640C4EB1C0864270042EFE6 /* NSArray+MSLinqExtension.h */ = {isa = PBXFileReference; fileEncoding = 4; lastKnownFileType = sourcecode.c.h; path = "NSArray+MSLinqExtension.h"; sourceTree = "<group>"; };
		B640C4EC1C0864270042EFE6 /* NSArray+MSLinqExtension.m */ = {isa = PBXFileReference; fileEncoding = 4; lastKnownFileType = sourcecode.c.objc; path = "NSArray+MSLinqExtension.m"; sourceTree = "<group>"; };
		B640C4EE1C087C1B0042EFE6 /* MSSerializationValueTransformer.h */ = {isa = PBXFileReference; fileEncoding = 4; lastKnownFileType = sourcecode.c.h; path = MSSerializationValueTransformer.h; sourceTree = "<group>"; };
		B640C4EF1C087C1B0042EFE6 /* MSSerializationValueTransformer.m */ = {isa = PBXFileReference; fileEncoding = 4; lastKnownFileType = sourcecode.c.objc; path = MSSerializationValueTransformer.m; sourceTree = "<group>"; };
		B640C4F11C088D100042EFE6 /* MSGithubOwnerContainer.h */ = {isa = PBXFileReference; fileEncoding = 4; lastKnownFileType = sourcecode.c.h; path = MSGithubOwnerContainer.h; sourceTree = "<group>"; };
		B640C4F21C088D100042EFE6 /* MSGithubOwnerContainer.m */ = {isa = PBXFileReference; fileEncoding = 4; lastKnownFileType = sourcecode.c.objc; path = MSGithubOwnerContainer.m; sourceTree = "<group>"; };
		B640C4F41C0891EC0042EFE6 /* MSSearchResultTableView.h */ = {isa = PBXFileReference; fileEncoding = 4; lastKnownFileType = sourcecode.c.h; path = MSSearchResultTableView.h; sourceTree = "<group>"; };
		B640C4F51C0891EC0042EFE6 /* MSSearchResultTableView.m */ = {isa = PBXFileReference; fileEncoding = 4; lastKnownFileType = sourcecode.c.objc; path = MSSearchResultTableView.m; sourceTree = "<group>"; };
		B640C4F71C08921E0042EFE6 /* MSSearchResultCellViewModel.h */ = {isa = PBXFileReference; fileEncoding = 4; lastKnownFileType = sourcecode.c.h; path = MSSearchResultCellViewModel.h; sourceTree = "<group>"; };
		B640C4FB1C08A65D0042EFE6 /* MSSearchResultTableViewCell.h */ = {isa = PBXFileReference; fileEncoding = 4; lastKnownFileType = sourcecode.c.h; path = MSSearchResultTableViewCell.h; sourceTree = "<group>"; };
		B640C4FC1C08A65D0042EFE6 /* MSSearchResultTableViewCell.m */ = {isa = PBXFileReference; fileEncoding = 4; lastKnownFileType = sourcecode.c.objc; path = MSSearchResultTableViewCell.m; sourceTree = "<group>"; };
		B640C4FE1C08A7D50042EFE6 /* MSSearchResultCellProtocol.h */ = {isa = PBXFileReference; fileEncoding = 4; lastKnownFileType = sourcecode.c.h; path = MSSearchResultCellProtocol.h; sourceTree = "<group>"; };
		B640C4FF1C08A93E0042EFE6 /* MSWebImageView.h */ = {isa = PBXFileReference; fileEncoding = 4; lastKnownFileType = sourcecode.c.h; path = MSWebImageView.h; sourceTree = "<group>"; };
		B640C5001C08A93E0042EFE6 /* MSWebImageView.m */ = {isa = PBXFileReference; fileEncoding = 4; lastKnownFileType = sourcecode.c.objc; path = MSWebImageView.m; sourceTree = "<group>"; };
		B67A93BD1C0C4CA3007E4560 /* MSImageCacheManager.h */ = {isa = PBXFileReference; fileEncoding = 4; lastKnownFileType = sourcecode.c.h; path = MSImageCacheManager.h; sourceTree = "<group>"; };
		B67A93BE1C0C4CA3007E4560 /* MSImageCacheManager.m */ = {isa = PBXFileReference; fileEncoding = 4; lastKnownFileType = sourcecode.c.objc; path = MSImageCacheManager.m; sourceTree = "<group>"; };
		B67A93C11C0C504C007E4560 /* _MSPromise.h */ = {isa = PBXFileReference; fileEncoding = 4; lastKnownFileType = sourcecode.c.h; path = _MSPromise.h; sourceTree = "<group>"; };
		B67A93C21C0C504C007E4560 /* _MSPromise.m */ = {isa = PBXFileReference; fileEncoding = 4; lastKnownFileType = sourcecode.c.objc; path = _MSPromise.m; sourceTree = "<group>"; };
		B67A93C71C0C552E007E4560 /* MSPromiseTest.m */ = {isa = PBXFileReference; fileEncoding = 4; lastKnownFileType = sourcecode.c.objc; path = MSPromiseTest.m; sourceTree = "<group>"; };
		B67A93CA1C0C79CB007E4560 /* _2MSPromise.h */ = {isa = PBXFileReference; fileEncoding = 4; lastKnownFileType = sourcecode.c.h; path = _2MSPromise.h; sourceTree = "<group>"; };
		B67A93CB1C0C79CB007E4560 /* _2MSPromise.m */ = {isa = PBXFileReference; fileEncoding = 4; lastKnownFileType = sourcecode.c.objc; path = _2MSPromise.m; sourceTree = "<group>"; };
		B67A93CD1C0C9F58007E4560 /* MSPromise.h */ = {isa = PBXFileReference; fileEncoding = 4; lastKnownFileType = sourcecode.c.h; path = MSPromise.h; sourceTree = "<group>"; };
		B67A93CE1C0C9F58007E4560 /* MSPromise.m */ = {isa = PBXFileReference; fileEncoding = 4; lastKnownFileType = sourcecode.c.objc; path = MSPromise.m; sourceTree = "<group>"; };
/* End PBXFileReference section */

/* Begin PBXFrameworksBuildPhase section */
		B640C49D1C084B650042EFE6 /* Frameworks */ = {
			isa = PBXFrameworksBuildPhase;
			buildActionMask = 2147483647;
			files = (
			);
			runOnlyForDeploymentPostprocessing = 0;
		};
		B640C4B61C084B650042EFE6 /* Frameworks */ = {
			isa = PBXFrameworksBuildPhase;
			buildActionMask = 2147483647;
			files = (
			);
			runOnlyForDeploymentPostprocessing = 0;
		};
		B640C4C11C084B650042EFE6 /* Frameworks */ = {
			isa = PBXFrameworksBuildPhase;
			buildActionMask = 2147483647;
			files = (
			);
			runOnlyForDeploymentPostprocessing = 0;
		};
/* End PBXFrameworksBuildPhase section */

/* Begin PBXGroup section */
		B640C4971C084B650042EFE6 = {
			isa = PBXGroup;
			children = (
				B640C4A21C084B650042EFE6 /* MySearch */,
				B640C4BC1C084B650042EFE6 /* MySearchTests */,
				B640C4C71C084B650042EFE6 /* MySearchUITests */,
				B640C4A11C084B650042EFE6 /* Products */,
			);
			sourceTree = "<group>";
		};
		B640C4A11C084B650042EFE6 /* Products */ = {
			isa = PBXGroup;
			children = (
				B640C4A01C084B650042EFE6 /* MySearch.app */,
				B640C4B91C084B650042EFE6 /* MySearchTests.xctest */,
				B640C4C41C084B650042EFE6 /* MySearchUITests.xctest */,
			);
			name = Products;
			sourceTree = "<group>";
		};
		B640C4A21C084B650042EFE6 /* MySearch */ = {
			isa = PBXGroup;
			children = (
				B640C4EA1C0863FD0042EFE6 /* Helpers */,
				B640C4DA1C084D7B0042EFE6 /* Model */,
				B640C4DB1C084D7B0042EFE6 /* View */,
				B640C4D61C084D440042EFE6 /* Controller */,
				B640C4A61C084B650042EFE6 /* MSAppDelegate.h */,
				B640C4A71C084B650042EFE6 /* MSAppDelegate.m */,
				B640C4AC1C084B650042EFE6 /* Main.storyboard */,
				B640C4AF1C084B650042EFE6 /* Assets.xcassets */,
				B640C4B11C084B650042EFE6 /* LaunchScreen.storyboard */,
				B640C4B41C084B650042EFE6 /* Info.plist */,
				B640C4A31C084B650042EFE6 /* Supporting Files */,
			);
			path = MySearch;
			sourceTree = "<group>";
		};
		B640C4A31C084B650042EFE6 /* Supporting Files */ = {
			isa = PBXGroup;
			children = (
				B640C4A41C084B650042EFE6 /* main.m */,
			);
			name = "Supporting Files";
			sourceTree = "<group>";
		};
		B640C4BC1C084B650042EFE6 /* MySearchTests */ = {
			isa = PBXGroup;
			children = (
				B640C4BD1C084B650042EFE6 /* MySearchTests.m */,
				B67A93C71C0C552E007E4560 /* MSPromiseTest.m */,
				B640C4BF1C084B650042EFE6 /* Info.plist */,
			);
			path = MySearchTests;
			sourceTree = "<group>";
		};
		B640C4C71C084B650042EFE6 /* MySearchUITests */ = {
			isa = PBXGroup;
			children = (
				B640C4C81C084B650042EFE6 /* MySearchUITests.m */,
				B640C4CA1C084B650042EFE6 /* Info.plist */,
			);
			path = MySearchUITests;
			sourceTree = "<group>";
		};
		B640C4D61C084D440042EFE6 /* Controller */ = {
			isa = PBXGroup;
			children = (
				B640C4D71C084D540042EFE6 /* MSViewController.h */,
				B640C4D81C084D540042EFE6 /* MSViewController.m */,
			);
			path = Controller;
			sourceTree = "<group>";
		};
		B640C4DA1C084D7B0042EFE6 /* Model */ = {
			isa = PBXGroup;
			children = (
				B67A93C01C0C503D007E4560 /* Promises */,
				B67A93BC1C0C4C88007E4560 /* ImageCaching */,
				B640C4E31C085E050042EFE6 /* Serialization */,
				B640C4E21C084DED0042EFE6 /* MSNetworkManagerProtocol.h */,
				B640C4DC1C084DC60042EFE6 /* MSGithubNetworkManager.h */,
				B640C4DD1C084DC60042EFE6 /* MSGithubNetworkManager.m */,
				B640C4DF1C084DD70042EFE6 /* MSiTunesNetworkManager.h */,
				B640C4E01C084DD70042EFE6 /* MSiTunesNetworkManager.m */,
			);
			path = Model;
			sourceTree = "<group>";
		};
		B640C4DB1C084D7B0042EFE6 /* View */ = {
			isa = PBXGroup;
			children = (
				B640C4F71C08921E0042EFE6 /* MSSearchResultCellViewModel.h */,
				B640C4F41C0891EC0042EFE6 /* MSSearchResultTableView.h */,
				B640C4F51C0891EC0042EFE6 /* MSSearchResultTableView.m */,
				B640C4FE1C08A7D50042EFE6 /* MSSearchResultCellProtocol.h */,
				B640C4FB1C08A65D0042EFE6 /* MSSearchResultTableViewCell.h */,
				B640C4FC1C08A65D0042EFE6 /* MSSearchResultTableViewCell.m */,
				B640C4FF1C08A93E0042EFE6 /* MSWebImageView.h */,
				B640C5001C08A93E0042EFE6 /* MSWebImageView.m */,
			);
			path = View;
			sourceTree = "<group>";
		};
		B640C4E31C085E050042EFE6 /* Serialization */ = {
			isa = PBXGroup;
			children = (
				B640C4EE1C087C1B0042EFE6 /* MSSerializationValueTransformer.h */,
				B640C4EF1C087C1B0042EFE6 /* MSSerializationValueTransformer.m */,
				B640C4E41C085E460042EFE6 /* MSSerializationManager.h */,
				B640C4E51C085E460042EFE6 /* MSSerializationManager.m */,
				B640C4E71C085FB80042EFE6 /* MSGithubSearchResultContainer.h */,
				B640C4E81C085FB80042EFE6 /* MSGithubSearchResultContainer.m */,
				B640C4F11C088D100042EFE6 /* MSGithubOwnerContainer.h */,
				B640C4F21C088D100042EFE6 /* MSGithubOwnerContainer.m */,
			);
			path = Serialization;
			sourceTree = "<group>";
		};
		B640C4EA1C0863FD0042EFE6 /* Helpers */ = {
			isa = PBXGroup;
			children = (
				B640C4EB1C0864270042EFE6 /* NSArray+MSLinqExtension.h */,
				B640C4EC1C0864270042EFE6 /* NSArray+MSLinqExtension.m */,
			);
			path = Helpers;
			sourceTree = "<group>";
		};
		B67A93BC1C0C4C88007E4560 /* ImageCaching */ = {
			isa = PBXGroup;
			children = (
				B67A93BD1C0C4CA3007E4560 /* MSImageCacheManager.h */,
				B67A93BE1C0C4CA3007E4560 /* MSImageCacheManager.m */,
			);
			path = ImageCaching;
			sourceTree = "<group>";
		};
		B67A93C01C0C503D007E4560 /* Promises */ = {
			isa = PBXGroup;
			children = (
				B67A93C11C0C504C007E4560 /* _MSPromise.h */,
				B67A93C21C0C504C007E4560 /* _MSPromise.m */,
				B67A93CA1C0C79CB007E4560 /* _2MSPromise.h */,
				B67A93CB1C0C79CB007E4560 /* _2MSPromise.m */,
				B67A93CD1C0C9F58007E4560 /* MSPromise.h */,
				B67A93CE1C0C9F58007E4560 /* MSPromise.m */,
			);
			path = Promises;
			sourceTree = "<group>";
		};
/* End PBXGroup section */

/* Begin PBXNativeTarget section */
		B640C49F1C084B650042EFE6 /* MySearch */ = {
			isa = PBXNativeTarget;
			buildConfigurationList = B640C4CD1C084B650042EFE6 /* Build configuration list for PBXNativeTarget "MySearch" */;
			buildPhases = (
				B640C49C1C084B650042EFE6 /* Sources */,
				B640C49D1C084B650042EFE6 /* Frameworks */,
				B640C49E1C084B650042EFE6 /* Resources */,
			);
			buildRules = (
			);
			dependencies = (
			);
			name = MySearch;
			productName = MySearch;
			productReference = B640C4A01C084B650042EFE6 /* MySearch.app */;
			productType = "com.apple.product-type.application";
		};
		B640C4B81C084B650042EFE6 /* MySearchTests */ = {
			isa = PBXNativeTarget;
			buildConfigurationList = B640C4D01C084B650042EFE6 /* Build configuration list for PBXNativeTarget "MySearchTests" */;
			buildPhases = (
				B640C4B51C084B650042EFE6 /* Sources */,
				B640C4B61C084B650042EFE6 /* Frameworks */,
				B640C4B71C084B650042EFE6 /* Resources */,
			);
			buildRules = (
			);
			dependencies = (
				B640C4BB1C084B650042EFE6 /* PBXTargetDependency */,
			);
			name = MySearchTests;
			productName = MySearchTests;
			productReference = B640C4B91C084B650042EFE6 /* MySearchTests.xctest */;
			productType = "com.apple.product-type.bundle.unit-test";
		};
		B640C4C31C084B650042EFE6 /* MySearchUITests */ = {
			isa = PBXNativeTarget;
			buildConfigurationList = B640C4D31C084B650042EFE6 /* Build configuration list for PBXNativeTarget "MySearchUITests" */;
			buildPhases = (
				B640C4C01C084B650042EFE6 /* Sources */,
				B640C4C11C084B650042EFE6 /* Frameworks */,
				B640C4C21C084B650042EFE6 /* Resources */,
			);
			buildRules = (
			);
			dependencies = (
				B640C4C61C084B650042EFE6 /* PBXTargetDependency */,
			);
			name = MySearchUITests;
			productName = MySearchUITests;
			productReference = B640C4C41C084B650042EFE6 /* MySearchUITests.xctest */;
			productType = "com.apple.product-type.bundle.ui-testing";
		};
/* End PBXNativeTarget section */

/* Begin PBXProject section */
		B640C4981C084B650042EFE6 /* Project object */ = {
			isa = PBXProject;
			attributes = {
				CLASSPREFIX = MS;
				LastUpgradeCheck = 0710;
				ORGANIZATIONNAME = "Alexander Sviridov";
				TargetAttributes = {
					B640C49F1C084B650042EFE6 = {
						CreatedOnToolsVersion = 7.1.1;
					};
					B640C4B81C084B650042EFE6 = {
						CreatedOnToolsVersion = 7.1.1;
						TestTargetID = B640C49F1C084B650042EFE6;
					};
					B640C4C31C084B650042EFE6 = {
						CreatedOnToolsVersion = 7.1.1;
						TestTargetID = B640C49F1C084B650042EFE6;
					};
				};
			};
			buildConfigurationList = B640C49B1C084B650042EFE6 /* Build configuration list for PBXProject "MySearch" */;
			compatibilityVersion = "Xcode 3.2";
			developmentRegion = English;
			hasScannedForEncodings = 0;
			knownRegions = (
				en,
				Base,
			);
			mainGroup = B640C4971C084B650042EFE6;
			productRefGroup = B640C4A11C084B650042EFE6 /* Products */;
			projectDirPath = "";
			projectRoot = "";
			targets = (
				B640C49F1C084B650042EFE6 /* MySearch */,
				B640C4B81C084B650042EFE6 /* MySearchTests */,
				B640C4C31C084B650042EFE6 /* MySearchUITests */,
			);
		};
/* End PBXProject section */

/* Begin PBXResourcesBuildPhase section */
		B640C49E1C084B650042EFE6 /* Resources */ = {
			isa = PBXResourcesBuildPhase;
			buildActionMask = 2147483647;
			files = (
				B640C4B31C084B650042EFE6 /* LaunchScreen.storyboard in Resources */,
				B640C4B01C084B650042EFE6 /* Assets.xcassets in Resources */,
				B640C4AE1C084B650042EFE6 /* Main.storyboard in Resources */,
			);
			runOnlyForDeploymentPostprocessing = 0;
		};
		B640C4B71C084B650042EFE6 /* Resources */ = {
			isa = PBXResourcesBuildPhase;
			buildActionMask = 2147483647;
			files = (
			);
			runOnlyForDeploymentPostprocessing = 0;
		};
		B640C4C21C084B650042EFE6 /* Resources */ = {
			isa = PBXResourcesBuildPhase;
			buildActionMask = 2147483647;
			files = (
			);
			runOnlyForDeploymentPostprocessing = 0;
		};
/* End PBXResourcesBuildPhase section */

/* Begin PBXSourcesBuildPhase section */
		B640C49C1C084B650042EFE6 /* Sources */ = {
			isa = PBXSourcesBuildPhase;
			buildActionMask = 2147483647;
			files = (
				B640C4ED1C0864270042EFE6 /* NSArray+MSLinqExtension.m in Sources */,
				B67A93BF1C0C4CA3007E4560 /* MSImageCacheManager.m in Sources */,
				B67A93CF1C0C9F58007E4560 /* MSPromise.m in Sources */,
				B67A93CC1C0C79CB007E4560 /* _2MSPromise.m in Sources */,
				B640C4E91C085FB80042EFE6 /* MSGithubSearchResultContainer.m in Sources */,
				B640C5011C08A93E0042EFE6 /* MSWebImageView.m in Sources */,
				B640C4A81C084B650042EFE6 /* MSAppDelegate.m in Sources */,
				B67A93C31C0C504C007E4560 /* _MSPromise.m in Sources */,
				B640C4D91C084D540042EFE6 /* MSViewController.m in Sources */,
				B640C4F31C088D100042EFE6 /* MSGithubOwnerContainer.m in Sources */,
				B640C4E61C085E460042EFE6 /* MSSerializationManager.m in Sources */,
				B640C4FD1C08A65D0042EFE6 /* MSSearchResultTableViewCell.m in Sources */,
				B640C4A51C084B650042EFE6 /* main.m in Sources */,
				B640C4E11C084DD70042EFE6 /* MSiTunesNetworkManager.m in Sources */,
				B640C4F61C0891EC0042EFE6 /* MSSearchResultTableView.m in Sources */,
				B640C4F01C087C1B0042EFE6 /* MSSerializationValueTransformer.m in Sources */,
				B640C4DE1C084DC60042EFE6 /* MSGithubNetworkManager.m in Sources */,
			);
			runOnlyForDeploymentPostprocessing = 0;
		};
		B640C4B51C084B650042EFE6 /* Sources */ = {
			isa = PBXSourcesBuildPhase;
			buildActionMask = 2147483647;
			files = (
				B640C4BE1C084B650042EFE6 /* MySearchTests.m in Sources */,
				B67A93C81C0C552E007E4560 /* MSPromiseTest.m in Sources */,
			);
			runOnlyForDeploymentPostprocessing = 0;
		};
		B640C4C01C084B650042EFE6 /* Sources */ = {
			isa = PBXSourcesBuildPhase;
			buildActionMask = 2147483647;
			files = (
				B640C4C91C084B650042EFE6 /* MySearchUITests.m in Sources */,
			);
			runOnlyForDeploymentPostprocessing = 0;
		};
/* End PBXSourcesBuildPhase section */

/* Begin PBXTargetDependency section */
		B640C4BB1C084B650042EFE6 /* PBXTargetDependency */ = {
			isa = PBXTargetDependency;
			target = B640C49F1C084B650042EFE6 /* MySearch */;
			targetProxy = B640C4BA1C084B650042EFE6 /* PBXContainerItemProxy */;
		};
		B640C4C61C084B650042EFE6 /* PBXTargetDependency */ = {
			isa = PBXTargetDependency;
			target = B640C49F1C084B650042EFE6 /* MySearch */;
			targetProxy = B640C4C51C084B650042EFE6 /* PBXContainerItemProxy */;
		};
/* End PBXTargetDependency section */

/* Begin PBXVariantGroup section */
		B640C4AC1C084B650042EFE6 /* Main.storyboard */ = {
			isa = PBXVariantGroup;
			children = (
				B640C4AD1C084B650042EFE6 /* Base */,
			);
			name = Main.storyboard;
			sourceTree = "<group>";
		};
		B640C4B11C084B650042EFE6 /* LaunchScreen.storyboard */ = {
			isa = PBXVariantGroup;
			children = (
				B640C4B21C084B650042EFE6 /* Base */,
			);
			name = LaunchScreen.storyboard;
			sourceTree = "<group>";
		};
/* End PBXVariantGroup section */

/* Begin XCBuildConfiguration section */
		B640C4CB1C084B650042EFE6 /* Debug */ = {
			isa = XCBuildConfiguration;
			buildSettings = {
				ALWAYS_SEARCH_USER_PATHS = NO;
				CLANG_CXX_LANGUAGE_STANDARD = "gnu++0x";
				CLANG_CXX_LIBRARY = "libc++";
				CLANG_ENABLE_MODULES = YES;
				CLANG_ENABLE_OBJC_ARC = YES;
				CLANG_WARN_BOOL_CONVERSION = YES;
				CLANG_WARN_CONSTANT_CONVERSION = YES;
				CLANG_WARN_DIRECT_OBJC_ISA_USAGE = YES_ERROR;
				CLANG_WARN_EMPTY_BODY = YES;
				CLANG_WARN_ENUM_CONVERSION = YES;
				CLANG_WARN_INT_CONVERSION = YES;
				CLANG_WARN_OBJC_ROOT_CLASS = YES_ERROR;
				CLANG_WARN_UNREACHABLE_CODE = YES;
				CLANG_WARN__DUPLICATE_METHOD_MATCH = YES;
				"CODE_SIGN_IDENTITY[sdk=iphoneos*]" = "iPhone Developer";
				COPY_PHASE_STRIP = NO;
				DEBUG_INFORMATION_FORMAT = dwarf;
				ENABLE_STRICT_OBJC_MSGSEND = YES;
				ENABLE_TESTABILITY = YES;
				GCC_C_LANGUAGE_STANDARD = gnu99;
				GCC_DYNAMIC_NO_PIC = NO;
				GCC_NO_COMMON_BLOCKS = YES;
				GCC_OPTIMIZATION_LEVEL = 0;
				GCC_PREPROCESSOR_DEFINITIONS = (
					"DEBUG=1",
					"$(inherited)",
				);
				GCC_WARN_64_TO_32_BIT_CONVERSION = YES;
				GCC_WARN_ABOUT_RETURN_TYPE = YES_ERROR;
				GCC_WARN_UNDECLARED_SELECTOR = YES;
				GCC_WARN_UNINITIALIZED_AUTOS = YES_AGGRESSIVE;
				GCC_WARN_UNUSED_FUNCTION = YES;
				GCC_WARN_UNUSED_VARIABLE = YES;
				IPHONEOS_DEPLOYMENT_TARGET = 9.1;
				MTL_ENABLE_DEBUG_INFO = YES;
				ONLY_ACTIVE_ARCH = YES;
				SDKROOT = iphoneos;
				TARGETED_DEVICE_FAMILY = "1,2";
			};
			name = Debug;
		};
		B640C4CC1C084B650042EFE6 /* Release */ = {
			isa = XCBuildConfiguration;
			buildSettings = {
				ALWAYS_SEARCH_USER_PATHS = NO;
				CLANG_CXX_LANGUAGE_STANDARD = "gnu++0x";
				CLANG_CXX_LIBRARY = "libc++";
				CLANG_ENABLE_MODULES = YES;
				CLANG_ENABLE_OBJC_ARC = YES;
				CLANG_WARN_BOOL_CONVERSION = YES;
				CLANG_WARN_CONSTANT_CONVERSION = YES;
				CLANG_WARN_DIRECT_OBJC_ISA_USAGE = YES_ERROR;
				CLANG_WARN_EMPTY_BODY = YES;
				CLANG_WARN_ENUM_CONVERSION = YES;
				CLANG_WARN_INT_CONVERSION = YES;
				CLANG_WARN_OBJC_ROOT_CLASS = YES_ERROR;
				CLANG_WARN_UNREACHABLE_CODE = YES;
				CLANG_WARN__DUPLICATE_METHOD_MATCH = YES;
				"CODE_SIGN_IDENTITY[sdk=iphoneos*]" = "iPhone Developer";
				COPY_PHASE_STRIP = NO;
				DEBUG_INFORMATION_FORMAT = "dwarf-with-dsym";
				ENABLE_NS_ASSERTIONS = NO;
				ENABLE_STRICT_OBJC_MSGSEND = YES;
				GCC_C_LANGUAGE_STANDARD = gnu99;
				GCC_NO_COMMON_BLOCKS = YES;
				GCC_WARN_64_TO_32_BIT_CONVERSION = YES;
				GCC_WARN_ABOUT_RETURN_TYPE = YES_ERROR;
				GCC_WARN_UNDECLARED_SELECTOR = YES;
				GCC_WARN_UNINITIALIZED_AUTOS = YES_AGGRESSIVE;
				GCC_WARN_UNUSED_FUNCTION = YES;
				GCC_WARN_UNUSED_VARIABLE = YES;
				IPHONEOS_DEPLOYMENT_TARGET = 9.1;
				MTL_ENABLE_DEBUG_INFO = NO;
				SDKROOT = iphoneos;
				TARGETED_DEVICE_FAMILY = "1,2";
				VALIDATE_PRODUCT = YES;
			};
			name = Release;
		};
		B640C4CE1C084B650042EFE6 /* Debug */ = {
			isa = XCBuildConfiguration;
			buildSettings = {
				ASSETCATALOG_COMPILER_APPICON_NAME = AppIcon;
				GCC_PREFIX_HEADER = "";
				INFOPLIST_FILE = MySearch/Info.plist;
				LD_RUNPATH_SEARCH_PATHS = "$(inherited) @executable_path/Frameworks";
				PRODUCT_BUNDLE_IDENTIFIER = myself.MySearch;
				PRODUCT_NAME = "$(TARGET_NAME)";
			};
			name = Debug;
		};
		B640C4CF1C084B650042EFE6 /* Release */ = {
			isa = XCBuildConfiguration;
			buildSettings = {
				ASSETCATALOG_COMPILER_APPICON_NAME = AppIcon;
				GCC_PREFIX_HEADER = "";
				INFOPLIST_FILE = MySearch/Info.plist;
				LD_RUNPATH_SEARCH_PATHS = "$(inherited) @executable_path/Frameworks";
				PRODUCT_BUNDLE_IDENTIFIER = myself.MySearch;
				PRODUCT_NAME = "$(TARGET_NAME)";
			};
			name = Release;
		};
		B640C4D11C084B650042EFE6 /* Debug */ = {
			isa = XCBuildConfiguration;
			buildSettings = {
				BUNDLE_LOADER = "$(TEST_HOST)";
				INFOPLIST_FILE = MySearchTests/Info.plist;
				LD_RUNPATH_SEARCH_PATHS = "$(inherited) @executable_path/Frameworks @loader_path/Frameworks";
				PRODUCT_BUNDLE_IDENTIFIER = myself.MySearchTests;
				PRODUCT_NAME = "$(TARGET_NAME)";
				TEST_HOST = "$(BUILT_PRODUCTS_DIR)/MySearch.app/MySearch";
			};
			name = Debug;
		};
		B640C4D21C084B650042EFE6 /* Release */ = {
			isa = XCBuildConfiguration;
			buildSettings = {
				BUNDLE_LOADER = "$(TEST_HOST)";
				INFOPLIST_FILE = MySearchTests/Info.plist;
				LD_RUNPATH_SEARCH_PATHS = "$(inherited) @executable_path/Frameworks @loader_path/Frameworks";
				PRODUCT_BUNDLE_IDENTIFIER = myself.MySearchTests;
				PRODUCT_NAME = "$(TARGET_NAME)";
				TEST_HOST = "$(BUILT_PRODUCTS_DIR)/MySearch.app/MySearch";
			};
			name = Release;
		};
		B640C4D41C084B650042EFE6 /* Debug */ = {
			isa = XCBuildConfiguration;
			buildSettings = {
				INFOPLIST_FILE = MySearchUITests/Info.plist;
				LD_RUNPATH_SEARCH_PATHS = "$(inherited) @executable_path/Frameworks @loader_path/Frameworks";
				PRODUCT_BUNDLE_IDENTIFIER = myself.MySearchUITests;
				PRODUCT_NAME = "$(TARGET_NAME)";
				TEST_TARGET_NAME = MySearch;
				USES_XCTRUNNER = YES;
			};
			name = Debug;
		};
		B640C4D51C084B650042EFE6 /* Release */ = {
			isa = XCBuildConfiguration;
			buildSettings = {
				INFOPLIST_FILE = MySearchUITests/Info.plist;
				LD_RUNPATH_SEARCH_PATHS = "$(inherited) @executable_path/Frameworks @loader_path/Frameworks";
				PRODUCT_BUNDLE_IDENTIFIER = myself.MySearchUITests;
				PRODUCT_NAME = "$(TARGET_NAME)";
				TEST_TARGET_NAME = MySearch;
				USES_XCTRUNNER = YES;
			};
			name = Release;
		};
/* End XCBuildConfiguration section */

/* Begin XCConfigurationList section */
		B640C49B1C084B650042EFE6 /* Build configuration list for PBXProject "MySearch" */ = {
			isa = XCConfigurationList;
			buildConfigurations = (
				B640C4CB1C084B650042EFE6 /* Debug */,
				B640C4CC1C084B650042EFE6 /* Release */,
			);
			defaultConfigurationIsVisible = 0;
			defaultConfigurationName = Release;
		};
		B640C4CD1C084B650042EFE6 /* Build configuration list for PBXNativeTarget "MySearch" */ = {
			isa = XCConfigurationList;
			buildConfigurations = (
				B640C4CE1C084B650042EFE6 /* Debug */,
				B640C4CF1C084B650042EFE6 /* Release */,
			);
			defaultConfigurationIsVisible = 0;
			defaultConfigurationName = Release;
		};
		B640C4D01C084B650042EFE6 /* Build configuration list for PBXNativeTarget "MySearchTests" */ = {
			isa = XCConfigurationList;
			buildConfigurations = (
				B640C4D11C084B650042EFE6 /* Debug */,
				B640C4D21C084B650042EFE6 /* Release */,
			);
			defaultConfigurationIsVisible = 0;
			defaultConfigurationName = Release;
		};
		B640C4D31C084B650042EFE6 /* Build configuration list for PBXNativeTarget "MySearchUITests" */ = {
			isa = XCConfigurationList;
			buildConfigurations = (
				B640C4D41C084B650042EFE6 /* Debug */,
				B640C4D51C084B650042EFE6 /* Release */,
			);
			defaultConfigurationIsVisible = 0;
			defaultConfigurationName = Release;
		};
/* End XCConfigurationList section */
	};
	rootObject = B640C4981C084B650042EFE6 /* Project object */;
}
